
Microsoft Visual Studio Solution File, Format Version 12.00
# Visual Studio 15
VisualStudioVersion = 15.0.26730.15
MinimumVisualStudioVersion = 10.0.40219.1
Project("{FAE04EC0-301F-11D3-BF4B-00C04F79EFBC}") = "TweetsDumper", "TweetsDumper\TweetsDumper.csproj", "{4875B09B-C497-4861-A53F-DC5459DDB881}"
EndProject
Global
	GlobalSection(SolutionConfigurationPlatforms) = preSolution
		Debug|Any CPU = Debug|Any CPU
		Release|Any CPU = Release|Any CPU
	EndGlobalSection
	GlobalSection(ProjectConfigurationPlatforms) = postSolution
		{4875B09B-C497-4861-A53F-DC5459DDB881}.Debug|Any CPU.ActiveCfg = Debug|Any CPU
		{4875B09B-C497-4861-A53F-DC5459DDB881}.Debug|Any CPU.Build.0 = Debug|Any CPU
		{4875B09B-C497-4861-A53F-DC5459DDB881}.Release|Any CPU.ActiveCfg = Release|Any CPU
		{4875B09B-C497-4861-A53F-DC5459DDB881}.Release|Any CPU.Build.0 = Release|Any CPU
	EndGlobalSection
	GlobalSection(SolutionProperties) = preSolution
		HideSolutionNode = FALSE
	EndGlobalSection
	GlobalSection(ExtensibilityGlobals) = postSolution
		SolutionGuid = {416D87D1-3F2E-4384-84A5-C9479872AA05}
	EndGlobalSection
EndGlobal
