
Microsoft Visual Studio Solution File, Format Version 12.00
# Visual Studio 15
VisualStudioVersion = 15.0.26730.15
MinimumVisualStudioVersion = 10.0.40219.1
Project("{FAE04EC0-301F-11D3-BF4B-00C04F79EFBC}") = "AerospikeTweetApi", "AerospikeTweetApi\AerospikeTweetApi.csproj", "{B0931ADC-718A-44EA-B2BF-FE9B926683B7}"
EndProject
Global
	GlobalSection(SolutionConfigurationPlatforms) = preSolution
		Debug|Any CPU = Debug|Any CPU
		Release|Any CPU = Release|Any CPU
	EndGlobalSection
	GlobalSection(ProjectConfigurationPlatforms) = postSolution
		{B0931ADC-718A-44EA-B2BF-FE9B926683B7}.Debug|Any CPU.ActiveCfg = Debug|Any CPU
		{B0931ADC-718A-44EA-B2BF-FE9B926683B7}.Debug|Any CPU.Build.0 = Debug|Any CPU
		{B0931ADC-718A-44EA-B2BF-FE9B926683B7}.Release|Any CPU.ActiveCfg = Release|Any CPU
		{B0931ADC-718A-44EA-B2BF-FE9B926683B7}.Release|Any CPU.Build.0 = Release|Any CPU
	EndGlobalSection
	GlobalSection(SolutionProperties) = preSolution
		HideSolutionNode = FALSE
	EndGlobalSection
	GlobalSection(ExtensibilityGlobals) = postSolution
		SolutionGuid = {56CDF66A-2995-4308-A03D-C518D8E17203}
	EndGlobalSection
EndGlobal
